
Microsoft Visual Studio Solution File, Format Version 12.00
# Visual Studio Version 17
VisualStudioVersion = 17.9.34723.18
MinimumVisualStudioVersion = 10.0.40219.1
Project("{8BC9CEB8-8B4A-11D0-8D11-00A0C91BC942}") = "homwork18", "homwork18\homwork18.vcxproj", "{3170B754-E4F9-412C-850F-AB06996C4F42}"
EndProject
Global
	GlobalSection(SolutionConfigurationPlatforms) = preSolution
		Debug|x64 = Debug|x64
		Debug|x86 = Debug|x86
		Release|x64 = Release|x64
		Release|x86 = Release|x86
	EndGlobalSection
	GlobalSection(ProjectConfigurationPlatforms) = postSolution
		{3170B754-E4F9-412C-850F-AB06996C4F42}.Debug|x64.ActiveCfg = Debug|x64
		{3170B754-E4F9-412C-850F-AB06996C4F42}.Debug|x64.Build.0 = Debug|x64
		{3170B754-E4F9-412C-850F-AB06996C4F42}.Debug|x86.ActiveCfg = Debug|Win32
		{3170B754-E4F9-412C-850F-AB06996C4F42}.Debug|x86.Build.0 = Debug|Win32
		{3170B754-E4F9-412C-850F-AB06996C4F42}.Release|x64.ActiveCfg = Release|x64
		{3170B754-E4F9-412C-850F-AB06996C4F42}.Release|x64.Build.0 = Release|x64
		{3170B754-E4F9-412C-850F-AB06996C4F42}.Release|x86.ActiveCfg = Release|Win32
		{3170B754-E4F9-412C-850F-AB06996C4F42}.Release|x86.Build.0 = Release|Win32
	EndGlobalSection
	GlobalSection(SolutionProperties) = preSolution
		HideSolutionNode = FALSE
	EndGlobalSection
	GlobalSection(ExtensibilityGlobals) = postSolution
		SolutionGuid = {2636B53B-FFB1-4A22-BF3A-9E706EC86A53}
	EndGlobalSection
EndGlobal
